<?xml version="1.0" encoding="utf-8"?>
<Project ToolsVersion="4.0" xmlns="http://schemas.microsoft.com/developer/msbuild/2003">
  <ItemGroup>
    <Filter Include="소스 파일">
      <UniqueIdentifier>{4FC737F1-C7A5-4376-A066-2A32D752A2FF}</UniqueIdentifier>
      <Extensions>cpp;c;cc;cxx;c++;cppm;ixx;def;odl;idl;hpj;bat;asm;asmx</Extensions>
    </Filter>
    <Filter Include="헤더 파일">
      <UniqueIdentifier>{93995380-89BD-4b04-88EB-625FBE52EBFB}</UniqueIdentifier>
      <Extensions>h;hh;hpp;hxx;h++;hm;inl;inc;ipp;xsd</Extensions>
    </Filter>
    <Filter Include="리소스 파일">
      <UniqueIdentifier>{67DA6AB6-F800-4c08-8B7A-83BB121AAD01}</UniqueIdentifier>
      <Extensions>rc;ico;cur;bmp;dlg;rc2;rct;bin;rgs;gif;jpg;jpeg;jpe;resx;tiff;tif;png;wav;mfcribbon-ms</Extensions>
    </Filter>
    <Filter Include="소스 파일\Shader">
      <UniqueIdentifier>{d61a8871-5816-4cdc-babd-1a22a0c685dc}</UniqueIdentifier>
    </Filter>
    <Filter Include="소스 파일\Core">
      <UniqueIdentifier>{503b8a54-6ffc-4f55-9106-89966768e04a}</UniqueIdentifier>
    </Filter>
    <Filter Include="소스 파일\Core\Components">
      <UniqueIdentifier>{f7ee8dcc-9541-4bb2-bbd2-e76837b98d64}</UniqueIdentifier>
    </Filter>
    <Filter Include="소스 파일\Core\Managers">
      <UniqueIdentifier>{20ff8402-461a-471d-a86c-d76ea3dd0a1d}</UniqueIdentifier>
    </Filter>
    <Filter Include="소스 파일\Core\Objects">
      <UniqueIdentifier>{e0e73e32-9016-47ad-97b6-ead00288ce92}</UniqueIdentifier>
    </Filter>
    <Filter Include="소스 파일\Core\Scene">
      <UniqueIdentifier>{1aafd325-6fa4-451d-bf5c-03e9d74c412a}</UniqueIdentifier>
    </Filter>
    <Filter Include="소스 파일\Core\Resources">
      <UniqueIdentifier>{fd76c42e-416d-4114-a6c6-80919fa9977d}</UniqueIdentifier>
    </Filter>
    <Filter Include="소스 파일\Core\Util">
      <UniqueIdentifier>{a28e6766-926b-4702-9070-459e1dc816b2}</UniqueIdentifier>
    </Filter>
    <Filter Include="소스 파일\Custom">
      <UniqueIdentifier>{aadf0d40-e3d6-4e45-be04-292073a6307e}</UniqueIdentifier>
    </Filter>
  </ItemGroup>
  <ItemGroup>
    <ClCompile Include="Code\main.cpp">
      <Filter>소스 파일</Filter>
    </ClCompile>
    <ClCompile Include="Code\CScene.cpp">
      <Filter>소스 파일\Core\Scene</Filter>
    </ClCompile>
    <ClCompile Include="Code\CObject.cpp">
      <Filter>소스 파일\Core\Objects</Filter>
    </ClCompile>
    <ClCompile Include="Code\MemoryMgr.cpp">
      <Filter>소스 파일\Core\Managers</Filter>
    </ClCompile>
    <ClCompile Include="Code\CGameObject.cpp">
      <Filter>소스 파일\Core\Objects</Filter>
    </ClCompile>
    <ClCompile Include="Code\Component\Transform.cpp">
      <Filter>소스 파일\Core\Components</Filter>
    </ClCompile>
    <ClCompile Include="Code\Asset\SampleScene.cpp">
      <Filter>소스 파일\Custom</Filter>
    </ClCompile>
    <ClCompile Include="Code\CResource.cpp">
      <Filter>소스 파일\Core\Resources</Filter>
    </ClCompile>
    <ClCompile Include="Code\Core\EngineCore.cpp">
      <Filter>소스 파일\Core</Filter>
    </ClCompile>
    <ClCompile Include="Code\Core\GLMgr.cpp">
      <Filter>소스 파일\Core\Managers</Filter>
    </ClCompile>
    <ClCompile Include="Code\Manager\CKeyMgr.cpp">
      <Filter>소스 파일\Core\Managers</Filter>
    </ClCompile>
    <ClCompile Include="Code\Manager\CSceneMgr.cpp">
      <Filter>소스 파일\Core\Managers</Filter>
    </ClCompile>
  </ItemGroup>
  <ItemGroup>
    <ClInclude Include="Code\Include.h">
      <Filter>소스 파일</Filter>
    </ClInclude>
    <ClInclude Include="Code\CScene.h">
      <Filter>소스 파일\Core\Scene</Filter>
    </ClInclude>
    <ClInclude Include="Code\CObject.h">
      <Filter>소스 파일\Core\Objects</Filter>
    </ClInclude>
    <ClInclude Include="Code\CoreBase.h">
      <Filter>소스 파일\Core\Managers</Filter>
    </ClInclude>
    <ClInclude Include="Code\MemoryMgr.h">
      <Filter>소스 파일\Core\Managers</Filter>
    </ClInclude>
    <ClInclude Include="Code\CGameObject.h">
      <Filter>소스 파일\Core\Objects</Filter>
    </ClInclude>
    <ClInclude Include="Code\Util\ITransform.h">
      <Filter>소스 파일\Core\Util</Filter>
    </ClInclude>
    <ClInclude Include="Code\Util\Matrix.h">
      <Filter>소스 파일\Core\Util</Filter>
    </ClInclude>
    <ClInclude Include="Code\Util\Quaternion.h">
      <Filter>소스 파일\Core\Util</Filter>
    </ClInclude>
    <ClInclude Include="Code\Util\Vector.h">
      <Filter>소스 파일\Core\Util</Filter>
    </ClInclude>
    <ClInclude Include="Code\Util\MatrixDef.h">
      <Filter>소스 파일\Core\Util</Filter>
    </ClInclude>
    <ClInclude Include="Code\Component\CComponent.h">
      <Filter>소스 파일\Core\Components</Filter>
    </ClInclude>
    <ClInclude Include="Code\Component\IComponent.h">
      <Filter>소스 파일\Core\Components</Filter>
    </ClInclude>
    <ClInclude Include="Code\Component\Transform.h">
      <Filter>소스 파일\Core\Components</Filter>
    </ClInclude>
    <ClInclude Include="Code\Asset\SampleScene.h">
      <Filter>소스 파일\Custom</Filter>
    </ClInclude>
    <ClInclude Include="Code\Util\MoreMath.h">
      <Filter>소스 파일\Core\Util</Filter>
    </ClInclude>
    <ClInclude Include="Code\CResource.h">
      <Filter>소스 파일\Core\Resources</Filter>
    </ClInclude>
    <ClInclude Include="Code\Core\EngineCore.h">
      <Filter>소스 파일\Core</Filter>
    </ClInclude>
    <ClInclude Include="Code\Cmacro.h">
      <Filter>소스 파일</Filter>
    </ClInclude>
    <ClInclude Include="Code\Core\GLMgr.h">
      <Filter>소스 파일\Core\Managers</Filter>
    </ClInclude>
    <ClInclude Include="Code\Manager\CSceneMgr.h">
      <Filter>소스 파일\Core\Managers</Filter>
    </ClInclude>
    <ClInclude Include="Code\Manager\CKeyMgr.h">
      <Filter>소스 파일\Core\Managers</Filter>
    </ClInclude>
  </ItemGroup>
  <ItemGroup>
    <Text Include="FragmentShader.txt">
      <Filter>소스 파일\Shader</Filter>
    </Text>
    <Text Include="VertexShader.txt">
      <Filter>소스 파일\Shader</Filter>
    </Text>
  </ItemGroup>
</Project>